
Microsoft Visual Studio Solution File, Format Version 12.00
# Visual Studio Version 17
VisualStudioVersion = 17.0.31903.59
MinimumVisualStudioVersion = 10.0.40219.1
Project("{9A19103F-16F7-4668-BE54-9A1E7A4F7556}") = "ProductCatalog.Domain", "ProductCatalog.Domain\ProductCatalog.Domain.csproj", "{C3B5AEF4-BCC2-45E8-98E8-A486BCC2281F}"
EndProject
Project("{9A19103F-16F7-4668-BE54-9A1E7A4F7556}") = "ProductCatalog.Application", "ProductCatalog.Application\ProductCatalog.Application.csproj", "{BEEE613F-C7BB-4D45-ACC1-B3B5BD1DAAE8}"
EndProject
Project("{9A19103F-16F7-4668-BE54-9A1E7A4F7556}") = "ProductCatalog.DomainContract", "ProductCatalog.DomainContract\ProductCatalog.DomainContract.csproj", "{24CC6044-CBB6-4CC0-B254-B4D0132D7FDD}"
EndProject
Project("{9A19103F-16F7-4668-BE54-9A1E7A4F7556}") = "ProductCatalog.Api", "ProductCatalog.Api\ProductCatalog.Api.csproj", "{48A21E31-1B88-4D73-BBB7-11F8E46612D3}"
EndProject
Project("{2150E333-8FDC-42A3-9474-1A3956D46DE8}") = "ApplicationCore", "ApplicationCore", "{D3B1B66F-4146-45BC-8FA6-F777FCBA6A99}"
EndProject
Project("{2150E333-8FDC-42A3-9474-1A3956D46DE8}") = "Api", "Api", "{07C135DC-A48C-43E0-B6DF-626BCA648730}"
EndProject
Project("{2150E333-8FDC-42A3-9474-1A3956D46DE8}") = "Infra", "Infra", "{BE254E97-DB78-442F-A712-4C501F0A7E1B}"
EndProject
Project("{9A19103F-16F7-4668-BE54-9A1E7A4F7556}") = "ProductCatalog.Pesistence.Ef", "ProductCatalog.Pesistence.Ef\ProductCatalog.Pesistence.Ef.csproj", "{CFDA43F6-AE1D-4F4B-A5D5-64379E5DFA81}"
EndProject
Project("{2150E333-8FDC-42A3-9474-1A3956D46DE8}") = "0-Framework", "0-Framework", "{E94BBCB4-75FE-4104-B004-2A71EEABB121}"
EndProject
Project("{9A19103F-16F7-4668-BE54-9A1E7A4F7556}") = "Framework.Domain", "Framework.Domain\Framework.Domain.csproj", "{AB0B64F9-AC80-43C5-A066-FF855E6F531E}"
EndProject
Project("{9A19103F-16F7-4668-BE54-9A1E7A4F7556}") = "Framework.Application", "Framework.Application\Framework.Application.csproj", "{243A5629-B981-4F27-A681-BBFD39EBED6C}"
EndProject
Project("{2150E333-8FDC-42A3-9474-1A3956D46DE8}") = "ProductCatalog", "ProductCatalog", "{2D5E50DC-DB05-4599-8CFF-801B47726ABB}"
EndProject
Project("{2150E333-8FDC-42A3-9474-1A3956D46DE8}") = "Query", "Query", "{AD4777DF-9AE9-4311-9FE0-5F33B0D3B0C5}"
EndProject
Project("{9A19103F-16F7-4668-BE54-9A1E7A4F7556}") = "ProductCatalog.Query.Api", "ProductCatalog.Query.Api\ProductCatalog.Query.Api.csproj", "{43495F69-3399-4424-B253-23694EEAB936}"
EndProject
Project("{9A19103F-16F7-4668-BE54-9A1E7A4F7556}") = "ProductCatalog.Worker", "ProductCatalog.Worker\ProductCatalog.Worker.csproj", "{3A130254-A6CA-4561-A3F1-7664EB4DDD8B}"
EndProject
Project("{9A19103F-16F7-4668-BE54-9A1E7A4F7556}") = "ProductCatalog.Query.DAL", "ProductCatalog.Query.DAL\ProductCatalog.Query.DAL.csproj", "{B868EF76-41BA-41B0-A4CD-F20B8229E39E}"
EndProject
Project("{2150E333-8FDC-42A3-9474-1A3956D46DE8}") = "Command", "Command", "{219AA9D7-93E3-474D-B6B8-2D9F8107A553}"
EndProject
Project("{2150E333-8FDC-42A3-9474-1A3956D46DE8}") = "OrderManagement", "OrderManagement", "{5F98A122-8CBC-4337-B152-1B2223A6B2BC}"
EndProject
Project("{9A19103F-16F7-4668-BE54-9A1E7A4F7556}") = "OrderManagement.Domain", "OrderManagement.Domain\OrderManagement.Domain.csproj", "{B94BDD99-3BAC-4BC2-929B-7BFA53F298CC}"
EndProject
Project("{2150E333-8FDC-42A3-9474-1A3956D46DE8}") = "Command", "Command", "{E052000D-EEB1-4DE5-9004-D9BC616F6ABA}"
EndProject
Project("{9A19103F-16F7-4668-BE54-9A1E7A4F7556}") = "OrderManagement.Application", "OrderManagement.Application\OrderManagement.Application.csproj", "{EDA6EFF3-D835-4EC7-A382-F6DBD2F1CC32}"
EndProject
Project("{2150E333-8FDC-42A3-9474-1A3956D46DE8}") = "ApplicationCore", "ApplicationCore", "{D74B170C-4325-49D0-89A2-77202EBC5C52}"
EndProject
Project("{2150E333-8FDC-42A3-9474-1A3956D46DE8}") = "Api", "Api", "{078C1073-EC16-4BA0-992F-52FEABB97F91}"
EndProject
Project("{9A19103F-16F7-4668-BE54-9A1E7A4F7556}") = "OrderManagement.Api", "OrderManagement.Api\OrderManagement.Api.csproj", "{19BEB54A-A61F-4905-8235-9D04079666A2}"
EndProject
Project("{2150E333-8FDC-42A3-9474-1A3956D46DE8}") = "Infra", "Infra", "{6EBBD143-AE73-40E1-BBBC-E981A9166A05}"
EndProject
Project("{9A19103F-16F7-4668-BE54-9A1E7A4F7556}") = "OrderManagement.Persistence", "OrderManagement.Persistence\OrderManagement.Persistence.csproj", "{61438BA2-666E-48AC-86F8-CD2DBDB056FE}"
EndProject
Project("{9A19103F-16F7-4668-BE54-9A1E7A4F7556}") = "OrderManagement.Domain.Contract", "OrderManagement.Domain.Contract\OrderManagement.Domain.Contract.csproj", "{0D657B08-ACD0-4A1D-AB31-D0CD1FDF987D}"
EndProject
Project("{9A19103F-16F7-4668-BE54-9A1E7A4F7556}") = "Framework.Persistence", "Framework.Persistence\Framework.Persistence.csproj", "{29573077-6713-43FE-9B97-D1379C1C227A}"
EndProject
Project("{9A19103F-16F7-4668-BE54-9A1E7A4F7556}") = "Framework.OutboxPublisher", "Framework.OutboxPublisher\Framework.OutboxPublisher.csproj", "{906BEB02-01E2-4618-8125-6CB83E9BF5EC}"
EndProject
Project("{9A19103F-16F7-4668-BE54-9A1E7A4F7556}") = "ProductCatalog.OutboxPublisher", "ProductCatalog.OutboxPublisher\ProductCatalog.OutboxPublisher.csproj", "{276053E2-D380-4E63-82AC-895B3FA5CD3D}"
EndProject
Project("{9A19103F-16F7-4668-BE54-9A1E7A4F7556}") = "OrderManageMent.OutboxPublisher", "OrderManageMent.OutboxPublisher\OrderManageMent.OutboxPublisher.csproj", "{01795075-FCB3-47DB-999D-BD0B64DE5B37}"
EndProject
Project("{2150E333-8FDC-42A3-9474-1A3956D46DE8}") = "Inventory", "Inventory", "{08DC937A-D8DC-49D0-9BF3-0EA9CD803661}"
EndProject
Project("{9A19103F-16F7-4668-BE54-9A1E7A4F7556}") = "InventoryMnagement.Worker", "InventoryMnagement.Worker\InventoryMnagement.Worker.csproj", "{A352EE4E-4EF9-4A85-A03E-D02685D00B13}"
EndProject
Project("{9A19103F-16F7-4668-BE54-9A1E7A4F7556}") = "InventoryManagement.Contract", "InventoryManagement.Contract\InventoryManagement.Contract.csproj", "{3D169703-21F0-4627-8C9B-C0D9E8FBB4BF}"
EndProject
Project("{FAE04EC0-301F-11D3-BF4B-00C04F79EFBC}") = "ApiGateway", "ApiGateway\ApiGateway.csproj", "{06D829DE-2EBA-4100-8F77-C832EF5A6385}"
EndProject
Global
	GlobalSection(SolutionConfigurationPlatforms) = preSolution
		Debug|Any CPU = Debug|Any CPU
		Release|Any CPU = Release|Any CPU
	EndGlobalSection
	GlobalSection(ProjectConfigurationPlatforms) = postSolution
		{C3B5AEF4-BCC2-45E8-98E8-A486BCC2281F}.Debug|Any CPU.ActiveCfg = Debug|Any CPU
		{C3B5AEF4-BCC2-45E8-98E8-A486BCC2281F}.Debug|Any CPU.Build.0 = Debug|Any CPU
		{C3B5AEF4-BCC2-45E8-98E8-A486BCC2281F}.Release|Any CPU.ActiveCfg = Release|Any CPU
		{C3B5AEF4-BCC2-45E8-98E8-A486BCC2281F}.Release|Any CPU.Build.0 = Release|Any CPU
		{BEEE613F-C7BB-4D45-ACC1-B3B5BD1DAAE8}.Debug|Any CPU.ActiveCfg = Debug|Any CPU
		{BEEE613F-C7BB-4D45-ACC1-B3B5BD1DAAE8}.Debug|Any CPU.Build.0 = Debug|Any CPU
		{BEEE613F-C7BB-4D45-ACC1-B3B5BD1DAAE8}.Release|Any CPU.ActiveCfg = Release|Any CPU
		{BEEE613F-C7BB-4D45-ACC1-B3B5BD1DAAE8}.Release|Any CPU.Build.0 = Release|Any CPU
		{24CC6044-CBB6-4CC0-B254-B4D0132D7FDD}.Debug|Any CPU.ActiveCfg = Debug|Any CPU
		{24CC6044-CBB6-4CC0-B254-B4D0132D7FDD}.Debug|Any CPU.Build.0 = Debug|Any CPU
		{24CC6044-CBB6-4CC0-B254-B4D0132D7FDD}.Release|Any CPU.ActiveCfg = Release|Any CPU
		{24CC6044-CBB6-4CC0-B254-B4D0132D7FDD}.Release|Any CPU.Build.0 = Release|Any CPU
		{48A21E31-1B88-4D73-BBB7-11F8E46612D3}.Debug|Any CPU.ActiveCfg = Debug|Any CPU
		{48A21E31-1B88-4D73-BBB7-11F8E46612D3}.Debug|Any CPU.Build.0 = Debug|Any CPU
		{48A21E31-1B88-4D73-BBB7-11F8E46612D3}.Release|Any CPU.ActiveCfg = Release|Any CPU
		{48A21E31-1B88-4D73-BBB7-11F8E46612D3}.Release|Any CPU.Build.0 = Release|Any CPU
		{CFDA43F6-AE1D-4F4B-A5D5-64379E5DFA81}.Debug|Any CPU.ActiveCfg = Debug|Any CPU
		{CFDA43F6-AE1D-4F4B-A5D5-64379E5DFA81}.Debug|Any CPU.Build.0 = Debug|Any CPU
		{CFDA43F6-AE1D-4F4B-A5D5-64379E5DFA81}.Release|Any CPU.ActiveCfg = Release|Any CPU
		{CFDA43F6-AE1D-4F4B-A5D5-64379E5DFA81}.Release|Any CPU.Build.0 = Release|Any CPU
		{AB0B64F9-AC80-43C5-A066-FF855E6F531E}.Debug|Any CPU.ActiveCfg = Debug|Any CPU
		{AB0B64F9-AC80-43C5-A066-FF855E6F531E}.Debug|Any CPU.Build.0 = Debug|Any CPU
		{AB0B64F9-AC80-43C5-A066-FF855E6F531E}.Release|Any CPU.ActiveCfg = Release|Any CPU
		{AB0B64F9-AC80-43C5-A066-FF855E6F531E}.Release|Any CPU.Build.0 = Release|Any CPU
		{243A5629-B981-4F27-A681-BBFD39EBED6C}.Debug|Any CPU.ActiveCfg = Debug|Any CPU
		{243A5629-B981-4F27-A681-BBFD39EBED6C}.Debug|Any CPU.Build.0 = Debug|Any CPU
		{243A5629-B981-4F27-A681-BBFD39EBED6C}.Release|Any CPU.ActiveCfg = Release|Any CPU
		{243A5629-B981-4F27-A681-BBFD39EBED6C}.Release|Any CPU.Build.0 = Release|Any CPU
		{43495F69-3399-4424-B253-23694EEAB936}.Debug|Any CPU.ActiveCfg = Debug|Any CPU
		{43495F69-3399-4424-B253-23694EEAB936}.Debug|Any CPU.Build.0 = Debug|Any CPU
		{43495F69-3399-4424-B253-23694EEAB936}.Release|Any CPU.ActiveCfg = Release|Any CPU
		{43495F69-3399-4424-B253-23694EEAB936}.Release|Any CPU.Build.0 = Release|Any CPU
		{3A130254-A6CA-4561-A3F1-7664EB4DDD8B}.Debug|Any CPU.ActiveCfg = Debug|Any CPU
		{3A130254-A6CA-4561-A3F1-7664EB4DDD8B}.Debug|Any CPU.Build.0 = Debug|Any CPU
		{3A130254-A6CA-4561-A3F1-7664EB4DDD8B}.Release|Any CPU.ActiveCfg = Release|Any CPU
		{3A130254-A6CA-4561-A3F1-7664EB4DDD8B}.Release|Any CPU.Build.0 = Release|Any CPU
		{B868EF76-41BA-41B0-A4CD-F20B8229E39E}.Debug|Any CPU.ActiveCfg = Debug|Any CPU
		{B868EF76-41BA-41B0-A4CD-F20B8229E39E}.Debug|Any CPU.Build.0 = Debug|Any CPU
		{B868EF76-41BA-41B0-A4CD-F20B8229E39E}.Release|Any CPU.ActiveCfg = Release|Any CPU
		{B868EF76-41BA-41B0-A4CD-F20B8229E39E}.Release|Any CPU.Build.0 = Release|Any CPU
		{B94BDD99-3BAC-4BC2-929B-7BFA53F298CC}.Debug|Any CPU.ActiveCfg = Debug|Any CPU
		{B94BDD99-3BAC-4BC2-929B-7BFA53F298CC}.Debug|Any CPU.Build.0 = Debug|Any CPU
		{B94BDD99-3BAC-4BC2-929B-7BFA53F298CC}.Release|Any CPU.ActiveCfg = Release|Any CPU
		{B94BDD99-3BAC-4BC2-929B-7BFA53F298CC}.Release|Any CPU.Build.0 = Release|Any CPU
		{EDA6EFF3-D835-4EC7-A382-F6DBD2F1CC32}.Debug|Any CPU.ActiveCfg = Debug|Any CPU
		{EDA6EFF3-D835-4EC7-A382-F6DBD2F1CC32}.Debug|Any CPU.Build.0 = Debug|Any CPU
		{EDA6EFF3-D835-4EC7-A382-F6DBD2F1CC32}.Release|Any CPU.ActiveCfg = Release|Any CPU
		{EDA6EFF3-D835-4EC7-A382-F6DBD2F1CC32}.Release|Any CPU.Build.0 = Release|Any CPU
		{19BEB54A-A61F-4905-8235-9D04079666A2}.Debug|Any CPU.ActiveCfg = Debug|Any CPU
		{19BEB54A-A61F-4905-8235-9D04079666A2}.Debug|Any CPU.Build.0 = Debug|Any CPU
		{19BEB54A-A61F-4905-8235-9D04079666A2}.Release|Any CPU.ActiveCfg = Release|Any CPU
		{19BEB54A-A61F-4905-8235-9D04079666A2}.Release|Any CPU.Build.0 = Release|Any CPU
		{61438BA2-666E-48AC-86F8-CD2DBDB056FE}.Debug|Any CPU.ActiveCfg = Debug|Any CPU
		{61438BA2-666E-48AC-86F8-CD2DBDB056FE}.Debug|Any CPU.Build.0 = Debug|Any CPU
		{61438BA2-666E-48AC-86F8-CD2DBDB056FE}.Release|Any CPU.ActiveCfg = Release|Any CPU
		{61438BA2-666E-48AC-86F8-CD2DBDB056FE}.Release|Any CPU.Build.0 = Release|Any CPU
		{0D657B08-ACD0-4A1D-AB31-D0CD1FDF987D}.Debug|Any CPU.ActiveCfg = Debug|Any CPU
		{0D657B08-ACD0-4A1D-AB31-D0CD1FDF987D}.Debug|Any CPU.Build.0 = Debug|Any CPU
		{0D657B08-ACD0-4A1D-AB31-D0CD1FDF987D}.Release|Any CPU.ActiveCfg = Release|Any CPU
		{0D657B08-ACD0-4A1D-AB31-D0CD1FDF987D}.Release|Any CPU.Build.0 = Release|Any CPU
		{29573077-6713-43FE-9B97-D1379C1C227A}.Debug|Any CPU.ActiveCfg = Debug|Any CPU
		{29573077-6713-43FE-9B97-D1379C1C227A}.Debug|Any CPU.Build.0 = Debug|Any CPU
		{29573077-6713-43FE-9B97-D1379C1C227A}.Release|Any CPU.ActiveCfg = Release|Any CPU
		{29573077-6713-43FE-9B97-D1379C1C227A}.Release|Any CPU.Build.0 = Release|Any CPU
		{906BEB02-01E2-4618-8125-6CB83E9BF5EC}.Debug|Any CPU.ActiveCfg = Debug|Any CPU
		{906BEB02-01E2-4618-8125-6CB83E9BF5EC}.Debug|Any CPU.Build.0 = Debug|Any CPU
		{906BEB02-01E2-4618-8125-6CB83E9BF5EC}.Release|Any CPU.ActiveCfg = Release|Any CPU
		{906BEB02-01E2-4618-8125-6CB83E9BF5EC}.Release|Any CPU.Build.0 = Release|Any CPU
		{276053E2-D380-4E63-82AC-895B3FA5CD3D}.Debug|Any CPU.ActiveCfg = Debug|Any CPU
		{276053E2-D380-4E63-82AC-895B3FA5CD3D}.Debug|Any CPU.Build.0 = Debug|Any CPU
		{276053E2-D380-4E63-82AC-895B3FA5CD3D}.Release|Any CPU.ActiveCfg = Release|Any CPU
		{276053E2-D380-4E63-82AC-895B3FA5CD3D}.Release|Any CPU.Build.0 = Release|Any CPU
		{01795075-FCB3-47DB-999D-BD0B64DE5B37}.Debug|Any CPU.ActiveCfg = Debug|Any CPU
		{01795075-FCB3-47DB-999D-BD0B64DE5B37}.Debug|Any CPU.Build.0 = Debug|Any CPU
		{01795075-FCB3-47DB-999D-BD0B64DE5B37}.Release|Any CPU.ActiveCfg = Release|Any CPU
		{01795075-FCB3-47DB-999D-BD0B64DE5B37}.Release|Any CPU.Build.0 = Release|Any CPU
		{A352EE4E-4EF9-4A85-A03E-D02685D00B13}.Debug|Any CPU.ActiveCfg = Debug|Any CPU
		{A352EE4E-4EF9-4A85-A03E-D02685D00B13}.Debug|Any CPU.Build.0 = Debug|Any CPU
		{A352EE4E-4EF9-4A85-A03E-D02685D00B13}.Release|Any CPU.ActiveCfg = Release|Any CPU
		{A352EE4E-4EF9-4A85-A03E-D02685D00B13}.Release|Any CPU.Build.0 = Release|Any CPU
		{3D169703-21F0-4627-8C9B-C0D9E8FBB4BF}.Debug|Any CPU.ActiveCfg = Debug|Any CPU
		{3D169703-21F0-4627-8C9B-C0D9E8FBB4BF}.Debug|Any CPU.Build.0 = Debug|Any CPU
		{3D169703-21F0-4627-8C9B-C0D9E8FBB4BF}.Release|Any CPU.ActiveCfg = Release|Any CPU
		{3D169703-21F0-4627-8C9B-C0D9E8FBB4BF}.Release|Any CPU.Build.0 = Release|Any CPU
		{06D829DE-2EBA-4100-8F77-C832EF5A6385}.Debug|Any CPU.ActiveCfg = Debug|Any CPU
		{06D829DE-2EBA-4100-8F77-C832EF5A6385}.Debug|Any CPU.Build.0 = Debug|Any CPU
		{06D829DE-2EBA-4100-8F77-C832EF5A6385}.Release|Any CPU.ActiveCfg = Release|Any CPU
		{06D829DE-2EBA-4100-8F77-C832EF5A6385}.Release|Any CPU.Build.0 = Release|Any CPU
	EndGlobalSection
	GlobalSection(SolutionProperties) = preSolution
		HideSolutionNode = FALSE
	EndGlobalSection
	GlobalSection(NestedProjects) = preSolution
		{C3B5AEF4-BCC2-45E8-98E8-A486BCC2281F} = {D3B1B66F-4146-45BC-8FA6-F777FCBA6A99}
		{BEEE613F-C7BB-4D45-ACC1-B3B5BD1DAAE8} = {D3B1B66F-4146-45BC-8FA6-F777FCBA6A99}
		{24CC6044-CBB6-4CC0-B254-B4D0132D7FDD} = {D3B1B66F-4146-45BC-8FA6-F777FCBA6A99}
		{48A21E31-1B88-4D73-BBB7-11F8E46612D3} = {07C135DC-A48C-43E0-B6DF-626BCA648730}
		{D3B1B66F-4146-45BC-8FA6-F777FCBA6A99} = {219AA9D7-93E3-474D-B6B8-2D9F8107A553}
		{07C135DC-A48C-43E0-B6DF-626BCA648730} = {219AA9D7-93E3-474D-B6B8-2D9F8107A553}
		{BE254E97-DB78-442F-A712-4C501F0A7E1B} = {219AA9D7-93E3-474D-B6B8-2D9F8107A553}
		{CFDA43F6-AE1D-4F4B-A5D5-64379E5DFA81} = {BE254E97-DB78-442F-A712-4C501F0A7E1B}
		{AB0B64F9-AC80-43C5-A066-FF855E6F531E} = {E94BBCB4-75FE-4104-B004-2A71EEABB121}
		{243A5629-B981-4F27-A681-BBFD39EBED6C} = {E94BBCB4-75FE-4104-B004-2A71EEABB121}
		{AD4777DF-9AE9-4311-9FE0-5F33B0D3B0C5} = {2D5E50DC-DB05-4599-8CFF-801B47726ABB}
		{43495F69-3399-4424-B253-23694EEAB936} = {AD4777DF-9AE9-4311-9FE0-5F33B0D3B0C5}
		{3A130254-A6CA-4561-A3F1-7664EB4DDD8B} = {AD4777DF-9AE9-4311-9FE0-5F33B0D3B0C5}
		{B868EF76-41BA-41B0-A4CD-F20B8229E39E} = {AD4777DF-9AE9-4311-9FE0-5F33B0D3B0C5}
		{219AA9D7-93E3-474D-B6B8-2D9F8107A553} = {2D5E50DC-DB05-4599-8CFF-801B47726ABB}
		{B94BDD99-3BAC-4BC2-929B-7BFA53F298CC} = {D74B170C-4325-49D0-89A2-77202EBC5C52}
		{E052000D-EEB1-4DE5-9004-D9BC616F6ABA} = {5F98A122-8CBC-4337-B152-1B2223A6B2BC}
		{EDA6EFF3-D835-4EC7-A382-F6DBD2F1CC32} = {D74B170C-4325-49D0-89A2-77202EBC5C52}
		{D74B170C-4325-49D0-89A2-77202EBC5C52} = {E052000D-EEB1-4DE5-9004-D9BC616F6ABA}
		{078C1073-EC16-4BA0-992F-52FEABB97F91} = {E052000D-EEB1-4DE5-9004-D9BC616F6ABA}
		{19BEB54A-A61F-4905-8235-9D04079666A2} = {078C1073-EC16-4BA0-992F-52FEABB97F91}
		{6EBBD143-AE73-40E1-BBBC-E981A9166A05} = {E052000D-EEB1-4DE5-9004-D9BC616F6ABA}
		{61438BA2-666E-48AC-86F8-CD2DBDB056FE} = {6EBBD143-AE73-40E1-BBBC-E981A9166A05}
		{0D657B08-ACD0-4A1D-AB31-D0CD1FDF987D} = {D74B170C-4325-49D0-89A2-77202EBC5C52}
		{29573077-6713-43FE-9B97-D1379C1C227A} = {E94BBCB4-75FE-4104-B004-2A71EEABB121}
		{906BEB02-01E2-4618-8125-6CB83E9BF5EC} = {E94BBCB4-75FE-4104-B004-2A71EEABB121}
		{276053E2-D380-4E63-82AC-895B3FA5CD3D} = {BE254E97-DB78-442F-A712-4C501F0A7E1B}
		{01795075-FCB3-47DB-999D-BD0B64DE5B37} = {6EBBD143-AE73-40E1-BBBC-E981A9166A05}
		{A352EE4E-4EF9-4A85-A03E-D02685D00B13} = {08DC937A-D8DC-49D0-9BF3-0EA9CD803661}
		{3D169703-21F0-4627-8C9B-C0D9E8FBB4BF} = {08DC937A-D8DC-49D0-9BF3-0EA9CD803661}
	EndGlobalSection
	GlobalSection(ExtensibilityGlobals) = postSolution
		SolutionGuid = {2FA3F41F-1CE6-4862-9C07-0541E8591E28}
	EndGlobalSection
EndGlobal
